
Microsoft Visual Studio Solution File, Format Version 12.00
# Visual Studio Version 17
VisualStudioVersion = 17.11.35208.52
MinimumVisualStudioVersion = 10.0.40219.1
Project("{9A19103F-16F7-4668-BE54-9A1E7A4F7556}") = "Tutorly.Server", "Server\Tutorly.Server.csproj", "{9F071770-B530-4E9E-BBF3-CED92600042C}"
EndProject
Project("{9A19103F-16F7-4668-BE54-9A1E7A4F7556}") = "Tutorly.Client", "Client\Tutorly.Client.csproj", "{1E137BAA-1A01-4D1C-8551-9D0454A65EE9}"
EndProject
Project("{9A19103F-16F7-4668-BE54-9A1E7A4F7556}") = "Tutorly.Shared", "Shared\Tutorly.Shared.csproj", "{4E21B214-71B7-4230-A8CE-816D626BB61D}"
EndProject
Global
	GlobalSection(SolutionConfigurationPlatforms) = preSolution
		Debug|Any CPU = Debug|Any CPU
		Release|Any CPU = Release|Any CPU
	EndGlobalSection
	GlobalSection(ProjectConfigurationPlatforms) = postSolution
		{9F071770-B530-4E9E-BBF3-CED92600042C}.Debug|Any CPU.ActiveCfg = Debug|Any CPU
		{9F071770-B530-4E9E-BBF3-CED92600042C}.Debug|Any CPU.Build.0 = Debug|Any CPU
		{9F071770-B530-4E9E-BBF3-CED92600042C}.Release|Any CPU.ActiveCfg = Release|Any CPU
		{9F071770-B530-4E9E-BBF3-CED92600042C}.Release|Any CPU.Build.0 = Release|Any CPU
		{1E137BAA-1A01-4D1C-8551-9D0454A65EE9}.Debug|Any CPU.ActiveCfg = Debug|Any CPU
		{1E137BAA-1A01-4D1C-8551-9D0454A65EE9}.Debug|Any CPU.Build.0 = Debug|Any CPU
		{1E137BAA-1A01-4D1C-8551-9D0454A65EE9}.Release|Any CPU.ActiveCfg = Release|Any CPU
		{1E137BAA-1A01-4D1C-8551-9D0454A65EE9}.Release|Any CPU.Build.0 = Release|Any CPU
		{4E21B214-71B7-4230-A8CE-816D626BB61D}.Debug|Any CPU.ActiveCfg = Debug|Any CPU
		{4E21B214-71B7-4230-A8CE-816D626BB61D}.Debug|Any CPU.Build.0 = Debug|Any CPU
		{4E21B214-71B7-4230-A8CE-816D626BB61D}.Release|Any CPU.ActiveCfg = Release|Any CPU
		{4E21B214-71B7-4230-A8CE-816D626BB61D}.Release|Any CPU.Build.0 = Release|Any CPU
	EndGlobalSection
	GlobalSection(SolutionProperties) = preSolution
		HideSolutionNode = FALSE
	EndGlobalSection
	GlobalSection(ExtensibilityGlobals) = postSolution
		SolutionGuid = {A4365287-A700-489A-880D-B86DC3A30517}
	EndGlobalSection
EndGlobal
